// !$*UTF8*$!
{
	archiveVersion = 1;
	classes = {
	};
	objectVersion = 77;
	objects = {

/* Begin PBXBuildFile section */
		0858718AF43BE73B66A915A5 /* Spacing.swift in Sources */ = {isa = PBXBuildFile; fileRef = 56B7D16E1976F7BC61590D37 /* Spacing.swift */; };
		1E1CC867E7C17307EF17E494 /* HelvetraApp.swift in Sources */ = {isa = PBXBuildFile; fileRef = DC9E1D0A855A0F75AE0D99C3 /* HelvetraApp.swift */; };
		3F060B44879615D27E9D769E /* GlassEffect.swift in Sources */ = {isa = PBXBuildFile; fileRef = ED576CDF08E6F109DF5F1933 /* GlassEffect.swift */; };
		61802848B42C827A248D96CC /* ContentView.swift in Sources */ = {isa = PBXBuildFile; fileRef = 1E204EB1315013CEBDE3EE5C /* ContentView.swift */; };
		866964C9587E172BC26307D7 /* Typography.swift in Sources */ = {isa = PBXBuildFile; fileRef = 8D7B5486AF50F164D79D5983 /* Typography.swift */; };
		ACE03DF3F4BD058D596820CB /* Assets.xcassets in Resources */ = {isa = PBXBuildFile; fileRef = ACB54CA0202FACCE83BF8B4C /* Assets.xcassets */; };
		B997A0E9D5477DA833E45D95 /* Theme.swift in Sources */ = {isa = PBXBuildFile; fileRef = 848DC17344860A13B6D91886 /* Theme.swift */; };
		B9B09AAE22BE58AD54DCF05E /* Colors.swift in Sources */ = {isa = PBXBuildFile; fileRef = 6FE96AD20ED07BA62B746623 /* Colors.swift */; };
/* End PBXBuildFile section */

/* Begin PBXFileReference section */
		1E204EB1315013CEBDE3EE5C /* ContentView.swift */ = {isa = PBXFileReference; lastKnownFileType = sourcecode.swift; path = ContentView.swift; sourceTree = "<group>"; };
		56B7D16E1976F7BC61590D37 /* Spacing.swift */ = {isa = PBXFileReference; lastKnownFileType = sourcecode.swift; path = Spacing.swift; sourceTree = "<group>"; };
		6FE96AD20ED07BA62B746623 /* Colors.swift */ = {isa = PBXFileReference; lastKnownFileType = sourcecode.swift; path = Colors.swift; sourceTree = "<group>"; };
		848DC17344860A13B6D91886 /* Theme.swift */ = {isa = PBXFileReference; lastKnownFileType = sourcecode.swift; path = Theme.swift; sourceTree = "<group>"; };
		8AFBDED448017D2FCF0705E6 /* Helvetra.app */ = {isa = PBXFileReference; includeInIndex = 0; lastKnownFileType = wrapper.application; path = Helvetra.app; sourceTree = BUILT_PRODUCTS_DIR; };
		8D7B5486AF50F164D79D5983 /* Typography.swift */ = {isa = PBXFileReference; lastKnownFileType = sourcecode.swift; path = Typography.swift; sourceTree = "<group>"; };
		ACB54CA0202FACCE83BF8B4C /* Assets.xcassets */ = {isa = PBXFileReference; lastKnownFileType = folder.assetcatalog; path = Assets.xcassets; sourceTree = "<group>"; };
		D42A59DC879D543CBCBA709F /* Helvetra.entitlements */ = {isa = PBXFileReference; lastKnownFileType = text.plist.entitlements; path = Helvetra.entitlements; sourceTree = "<group>"; };
		DC9E1D0A855A0F75AE0D99C3 /* HelvetraApp.swift */ = {isa = PBXFileReference; lastKnownFileType = sourcecode.swift; path = HelvetraApp.swift; sourceTree = "<group>"; };
		E52800E38DDA407998236848 /* Info.plist */ = {isa = PBXFileReference; lastKnownFileType = text.plist; path = Info.plist; sourceTree = "<group>"; };
		ED576CDF08E6F109DF5F1933 /* GlassEffect.swift */ = {isa = PBXFileReference; lastKnownFileType = sourcecode.swift; path = GlassEffect.swift; sourceTree = "<group>"; };
/* End PBXFileReference section */

/* Begin PBXGroup section */
		52B62AA4CEDBB06BCD60A686 /* Models */ = {
			isa = PBXGroup;
			children = (
			);
			path = Models;
			sourceTree = "<group>";
		};
		532D8E274857C282E25476AF /* Services */ = {
			isa = PBXGroup;
			children = (
			);
			path = Services;
			sourceTree = "<group>";
		};
		A5FD80900F9D5562AD89B791 /* Resources */ = {
			isa = PBXGroup;
			children = (
				ACB54CA0202FACCE83BF8B4C /* Assets.xcassets */,
				D42A59DC879D543CBCBA709F /* Helvetra.entitlements */,
				E52800E38DDA407998236848 /* Info.plist */,
			);
			path = Resources;
			sourceTree = "<group>";
		};
		B2DD18B860024438F6750E0E /* Views */ = {
			isa = PBXGroup;
			children = (
				1E204EB1315013CEBDE3EE5C /* ContentView.swift */,
			);
			path = Views;
			sourceTree = "<group>";
		};
		B31D19F7771C9DE0F8185E97 /* App */ = {
			isa = PBXGroup;
			children = (
				DC9E1D0A855A0F75AE0D99C3 /* HelvetraApp.swift */,
			);
			path = App;
			sourceTree = "<group>";
		};
		BA27061CE8E749389A8596F9 /* DesignSystem */ = {
			isa = PBXGroup;
			children = (
				DEF30822AB462CCA77A8C6E2 /* Effects */,
				6FE96AD20ED07BA62B746623 /* Colors.swift */,
				56B7D16E1976F7BC61590D37 /* Spacing.swift */,
				848DC17344860A13B6D91886 /* Theme.swift */,
				8D7B5486AF50F164D79D5983 /* Typography.swift */,
			);
			path = DesignSystem;
			sourceTree = "<group>";
		};
		C555DFAE7F629788D816A359 = {
			isa = PBXGroup;
			children = (
				D0363059A86E424326C78EB6 /* Helvetra */,
				D19B53955B48A75FDAAD0FBB /* Products */,
			);
			sourceTree = "<group>";
		};
		D0363059A86E424326C78EB6 /* Helvetra */ = {
			isa = PBXGroup;
			children = (
				B31D19F7771C9DE0F8185E97 /* App */,
				BA27061CE8E749389A8596F9 /* DesignSystem */,
				52B62AA4CEDBB06BCD60A686 /* Models */,
				A5FD80900F9D5562AD89B791 /* Resources */,
				532D8E274857C282E25476AF /* Services */,
				B2DD18B860024438F6750E0E /* Views */,
			);
			name = Helvetra;
			path = Sources/Helvetra;
			sourceTree = "<group>";
		};
		D19B53955B48A75FDAAD0FBB /* Products */ = {
			isa = PBXGroup;
			children = (
				8AFBDED448017D2FCF0705E6 /* Helvetra.app */,
			);
			name = Products;
			sourceTree = "<group>";
		};
		DEF30822AB462CCA77A8C6E2 /* Effects */ = {
			isa = PBXGroup;
			children = (
				ED576CDF08E6F109DF5F1933 /* GlassEffect.swift */,
			);
			path = Effects;
			sourceTree = "<group>";
		};
/* End PBXGroup section */

/* Begin PBXNativeTarget section */
		18758895D8AA4F539D6F2195 /* Helvetra */ = {
			isa = PBXNativeTarget;
			buildConfigurationList = 2ED72EA43898A12CA21B71F7 /* Build configuration list for PBXNativeTarget "Helvetra" */;
			buildPhases = (
				641D401EB97B099DF8A4F9E8 /* Sources */,
				1D2A256FCEBEB66CF046E37D /* Resources */,
			);
			buildRules = (
			);
			dependencies = (
			);
			name = Helvetra;
			packageProductDependencies = (
			);
			productName = Helvetra;
			productReference = 8AFBDED448017D2FCF0705E6 /* Helvetra.app */;
			productType = "com.apple.product-type.application";
		};
/* End PBXNativeTarget section */

/* Begin PBXProject section */
		953C29327214954B044C654D /* Project object */ = {
			isa = PBXProject;
			attributes = {
				BuildIndependentTargetsInParallel = YES;
				LastUpgradeCheck = 2620;
				TargetAttributes = {
					18758895D8AA4F539D6F2195 = {
						DevelopmentTeam = "";
						ProvisioningStyle = Automatic;
					};
				};
			};
			buildConfigurationList = 885751E3BBE3567326BA5AC6 /* Build configuration list for PBXProject "Helvetra" */;
			compatibilityVersion = "Xcode 14.0";
			developmentRegion = en;
			hasScannedForEncodings = 0;
			knownRegions = (
				Base,
				en,
			);
			mainGroup = C555DFAE7F629788D816A359;
			minimizedProjectReferenceProxies = 1;
			preferredProjectObjectVersion = 77;
			projectDirPath = "";
			projectRoot = "";
			targets = (
				18758895D8AA4F539D6F2195 /* Helvetra */,
			);
		};
/* End PBXProject section */

/* Begin PBXResourcesBuildPhase section */
		1D2A256FCEBEB66CF046E37D /* Resources */ = {
			isa = PBXResourcesBuildPhase;
			buildActionMask = 2147483647;
			files = (
				ACE03DF3F4BD058D596820CB /* Assets.xcassets in Resources */,
			);
			runOnlyForDeploymentPostprocessing = 0;
		};
/* End PBXResourcesBuildPhase section */

/* Begin PBXSourcesBuildPhase section */
		641D401EB97B099DF8A4F9E8 /* Sources */ = {
			isa = PBXSourcesBuildPhase;
			buildActionMask = 2147483647;
			files = (
				B9B09AAE22BE58AD54DCF05E /* Colors.swift in Sources */,
				61802848B42C827A248D96CC /* ContentView.swift in Sources */,
				3F060B44879615D27E9D769E /* GlassEffect.swift in Sources */,
				1E1CC867E7C17307EF17E494 /* HelvetraApp.swift in Sources */,
				0858718AF43BE73B66A915A5 /* Spacing.swift in Sources */,
				B997A0E9D5477DA833E45D95 /* Theme.swift in Sources */,
				866964C9587E172BC26307D7 /* Typography.swift in Sources */,
			);
			runOnlyForDeploymentPostprocessing = 0;
		};
/* End PBXSourcesBuildPhase section */

/* Begin XCBuildConfiguration section */
		38F9A403D91469D761AA783E /* Debug */ = {
			isa = XCBuildConfiguration;
			buildSettings = {
				ASSETCATALOG_COMPILER_APPICON_NAME = AppIcon;
				ASSETCATALOG_COMPILER_GLOBAL_ACCENT_COLOR_NAME = AccentColor;
				CODE_SIGN_ENTITLEMENTS = Sources/Helvetra/Resources/Helvetra.entitlements;
				CODE_SIGN_IDENTITY = "iPhone Developer";
				INFOPLIST_FILE = Sources/Helvetra/Resources/Info.plist;
				IPHONEOS_DEPLOYMENT_TARGET = 26.0;
				LD_RUNPATH_SEARCH_PATHS = (
					"$(inherited)",
					"@executable_path/Frameworks",
				);
				PRODUCT_BUNDLE_IDENTIFIER = ch.helvetra.app;
				SDKROOT = iphoneos;
				SUPPORTS_XR_DESIGNED_FOR_IPHONE_IPAD = NO;
				TARGETED_DEVICE_FAMILY = "1,2";
			};
			name = Debug;
		};
		AA7F4C40ED744FC9E764F642 /* Release */ = {
			isa = XCBuildConfiguration;
			buildSettings = {
				ALWAYS_SEARCH_USER_PATHS = NO;
				CLANG_ANALYZER_NONNULL = YES;
				CLANG_ANALYZER_NUMBER_OBJECT_CONVERSION = YES_AGGRESSIVE;
				CLANG_CXX_LANGUAGE_STANDARD = "gnu++14";
				CLANG_CXX_LIBRARY = "libc++";
				CLANG_ENABLE_MODULES = YES;
				CLANG_ENABLE_OBJC_ARC = YES;
				CLANG_ENABLE_OBJC_WEAK = YES;
				CLANG_WARN_BLOCK_CAPTURE_AUTORELEASING = YES;
				CLANG_WARN_BOOL_CONVERSION = YES;
				CLANG_WARN_COMMA = YES;
				CLANG_WARN_CONSTANT_CONVERSION = YES;
				CLANG_WARN_DEPRECATED_OBJC_IMPLEMENTATIONS = YES;
				CLANG_WARN_DIRECT_OBJC_ISA_USAGE = YES_ERROR;
				CLANG_WARN_DOCUMENTATION_COMMENTS = YES;
				CLANG_WARN_EMPTY_BODY = YES;
				CLANG_WARN_ENUM_CONVERSION = YES;
				CLANG_WARN_INFINITE_RECURSION = YES;
				CLANG_WARN_INT_CONVERSION = YES;
				CLANG_WARN_NON_LITERAL_NULL_CONVERSION = YES;
				CLANG_WARN_OBJC_IMPLICIT_RETAIN_SELF = YES;
				CLANG_WARN_OBJC_LITERAL_CONVERSION = YES;
				CLANG_WARN_OBJC_ROOT_CLASS = YES_ERROR;
				CLANG_WARN_QUOTED_INCLUDE_IN_FRAMEWORK_HEADER = YES;
				CLANG_WARN_RANGE_LOOP_ANALYSIS = YES;
				CLANG_WARN_STRICT_PROTOTYPES = YES;
				CLANG_WARN_SUSPICIOUS_MOVE = YES;
				CLANG_WARN_UNGUARDED_AVAILABILITY = YES_AGGRESSIVE;
				CLANG_WARN_UNREACHABLE_CODE = YES;
				CLANG_WARN__DUPLICATE_METHOD_MATCH = YES;
				CODE_SIGN_STYLE = Automatic;
				COPY_PHASE_STRIP = NO;
				CURRENT_PROJECT_VERSION = 1;
				DEBUG_INFORMATION_FORMAT = "dwarf-with-dsym";
				DEVELOPMENT_TEAM = "";
				ENABLE_NS_ASSERTIONS = NO;
				ENABLE_PREVIEWS = YES;
				ENABLE_STRICT_OBJC_MSGSEND = YES;
				GCC_C_LANGUAGE_STANDARD = gnu11;
				GCC_NO_COMMON_BLOCKS = YES;
				GCC_WARN_64_TO_32_BIT_CONVERSION = YES;
				GCC_WARN_ABOUT_RETURN_TYPE = YES_ERROR;
				GCC_WARN_UNDECLARED_SELECTOR = YES;
				GCC_WARN_UNINITIALIZED_AUTOS = YES_AGGRESSIVE;
				GCC_WARN_UNUSED_FUNCTION = YES;
				GCC_WARN_UNUSED_VARIABLE = YES;
				IPHONEOS_DEPLOYMENT_TARGET = 26.0;
				MARKETING_VERSION = 1.0.0;
				MTL_ENABLE_DEBUG_INFO = NO;
				MTL_FAST_MATH = YES;
				PRODUCT_NAME = "$(TARGET_NAME)";
				SDKROOT = iphoneos;
				SWIFT_COMPILATION_MODE = wholemodule;
				SWIFT_OPTIMIZATION_LEVEL = "-O";
				SWIFT_STRICT_CONCURRENCY = complete;
				SWIFT_VERSION = 6.0;
			};
			name = Release;
		};
		B141B3E7864DC6E1801094CA /* Release */ = {
			isa = XCBuildConfiguration;
			buildSettings = {
				ASSETCATALOG_COMPILER_APPICON_NAME = AppIcon;
				ASSETCATALOG_COMPILER_GLOBAL_ACCENT_COLOR_NAME = AccentColor;
				CODE_SIGN_ENTITLEMENTS = Sources/Helvetra/Resources/Helvetra.entitlements;
				CODE_SIGN_IDENTITY = "iPhone Developer";
				INFOPLIST_FILE = Sources/Helvetra/Resources/Info.plist;
				IPHONEOS_DEPLOYMENT_TARGET = 26.0;
				LD_RUNPATH_SEARCH_PATHS = (
					"$(inherited)",
					"@executable_path/Frameworks",
				);
				PRODUCT_BUNDLE_IDENTIFIER = ch.helvetra.app;
				SDKROOT = iphoneos;
				SUPPORTS_XR_DESIGNED_FOR_IPHONE_IPAD = NO;
				TARGETED_DEVICE_FAMILY = "1,2";
			};
			name = Release;
		};
		BBE5288FF89CCD94982F5225 /* Debug */ = {
			isa = XCBuildConfiguration;
			buildSettings = {
				ALWAYS_SEARCH_USER_PATHS = NO;
				CLANG_ANALYZER_NONNULL = YES;
				CLANG_ANALYZER_NUMBER_OBJECT_CONVERSION = YES_AGGRESSIVE;
				CLANG_CXX_LANGUAGE_STANDARD = "gnu++14";
				CLANG_CXX_LIBRARY = "libc++";
				CLANG_ENABLE_MODULES = YES;
				CLANG_ENABLE_OBJC_ARC = YES;
				CLANG_ENABLE_OBJC_WEAK = YES;
				CLANG_WARN_BLOCK_CAPTURE_AUTORELEASING = YES;
				CLANG_WARN_BOOL_CONVERSION = YES;
				CLANG_WARN_COMMA = YES;
				CLANG_WARN_CONSTANT_CONVERSION = YES;
				CLANG_WARN_DEPRECATED_OBJC_IMPLEMENTATIONS = YES;
				CLANG_WARN_DIRECT_OBJC_ISA_USAGE = YES_ERROR;
				CLANG_WARN_DOCUMENTATION_COMMENTS = YES;
				CLANG_WARN_EMPTY_BODY = YES;
				CLANG_WARN_ENUM_CONVERSION = YES;
				CLANG_WARN_INFINITE_RECURSION = YES;
				CLANG_WARN_INT_CONVERSION = YES;
				CLANG_WARN_NON_LITERAL_NULL_CONVERSION = YES;
				CLANG_WARN_OBJC_IMPLICIT_RETAIN_SELF = YES;
				CLANG_WARN_OBJC_LITERAL_CONVERSION = YES;
				CLANG_WARN_OBJC_ROOT_CLASS = YES_ERROR;
				CLANG_WARN_QUOTED_INCLUDE_IN_FRAMEWORK_HEADER = YES;
				CLANG_WARN_RANGE_LOOP_ANALYSIS = YES;
				CLANG_WARN_STRICT_PROTOTYPES = YES;
				CLANG_WARN_SUSPICIOUS_MOVE = YES;
				CLANG_WARN_UNGUARDED_AVAILABILITY = YES_AGGRESSIVE;
				CLANG_WARN_UNREACHABLE_CODE = YES;
				CLANG_WARN__DUPLICATE_METHOD_MATCH = YES;
				CODE_SIGN_STYLE = Automatic;
				COPY_PHASE_STRIP = NO;
				CURRENT_PROJECT_VERSION = 1;
				DEBUG_INFORMATION_FORMAT = dwarf;
				DEVELOPMENT_TEAM = "";
				ENABLE_PREVIEWS = YES;
				ENABLE_STRICT_OBJC_MSGSEND = YES;
				ENABLE_TESTABILITY = YES;
				GCC_C_LANGUAGE_STANDARD = gnu11;
				GCC_DYNAMIC_NO_PIC = NO;
				GCC_NO_COMMON_BLOCKS = YES;
				GCC_OPTIMIZATION_LEVEL = 0;
				GCC_PREPROCESSOR_DEFINITIONS = (
					"$(inherited)",
					"DEBUG=1",
				);
				GCC_WARN_64_TO_32_BIT_CONVERSION = YES;
				GCC_WARN_ABOUT_RETURN_TYPE = YES_ERROR;
				GCC_WARN_UNDECLARED_SELECTOR = YES;
				GCC_WARN_UNINITIALIZED_AUTOS = YES_AGGRESSIVE;
				GCC_WARN_UNUSED_FUNCTION = YES;
				GCC_WARN_UNUSED_VARIABLE = YES;
				IPHONEOS_DEPLOYMENT_TARGET = 26.0;
				MARKETING_VERSION = 1.0.0;
				MTL_ENABLE_DEBUG_INFO = INCLUDE_SOURCE;
				MTL_FAST_MATH = YES;
				ONLY_ACTIVE_ARCH = YES;
				PRODUCT_NAME = "$(TARGET_NAME)";
				SDKROOT = iphoneos;
				SWIFT_ACTIVE_COMPILATION_CONDITIONS = DEBUG;
				SWIFT_OPTIMIZATION_LEVEL = "-Onone";
				SWIFT_STRICT_CONCURRENCY = complete;
				SWIFT_VERSION = 6.0;
			};
			name = Debug;
		};
/* End XCBuildConfiguration section */

/* Begin XCConfigurationList section */
		2ED72EA43898A12CA21B71F7 /* Build configuration list for PBXNativeTarget "Helvetra" */ = {
			isa = XCConfigurationList;
			buildConfigurations = (
				38F9A403D91469D761AA783E /* Debug */,
				B141B3E7864DC6E1801094CA /* Release */,
			);
			defaultConfigurationIsVisible = 0;
			defaultConfigurationName = Debug;
		};
		885751E3BBE3567326BA5AC6 /* Build configuration list for PBXProject "Helvetra" */ = {
			isa = XCConfigurationList;
			buildConfigurations = (
				BBE5288FF89CCD94982F5225 /* Debug */,
				AA7F4C40ED744FC9E764F642 /* Release */,
			);
			defaultConfigurationIsVisible = 0;
			defaultConfigurationName = Debug;
		};
/* End XCConfigurationList section */
	};
	rootObject = 953C29327214954B044C654D /* Project object */;
}
